
Microsoft Visual Studio Solution File, Format Version 12.00
# Visual Studio Version 17
VisualStudioVersion = 17.13.35825.156
MinimumVisualStudioVersion = 10.0.40219.1
Project("{FAE04EC0-301F-11D3-BF4B-00C04F79EFBC}") = "KTPM_NUNIT_30_Loc", "KTPM_NUNIT_30_Loc\KTPM_NUNIT_30_Loc.csproj", "{D811D05B-B6BC-4132-98F4-632FA16D9511}"
EndProject
Project("{FAE04EC0-301F-11D3-BF4B-00C04F79EFBC}") = "NUNIT_30_Loc", "NUNIT_30_Loc\NUNIT_30_Loc.csproj", "{99603F26-1F42-4A04-B2FE-96DFCC571E21}"
EndProject
Project("{FAE04EC0-301F-11D3-BF4B-00C04F79EFBC}") = "WebDriver_30_Loc", "WebDriver_30_Loc\WebDriver_30_Loc.csproj", "{0D91E307-705D-4731-B668-11E031C8EB67}"
EndProject
Global
	GlobalSection(SolutionConfigurationPlatforms) = preSolution
		Debug|Any CPU = Debug|Any CPU
		Release|Any CPU = Release|Any CPU
	EndGlobalSection
	GlobalSection(ProjectConfigurationPlatforms) = postSolution
		{D811D05B-B6BC-4132-98F4-632FA16D9511}.Debug|Any CPU.ActiveCfg = Debug|Any CPU
		{D811D05B-B6BC-4132-98F4-632FA16D9511}.Debug|Any CPU.Build.0 = Debug|Any CPU
		{D811D05B-B6BC-4132-98F4-632FA16D9511}.Release|Any CPU.ActiveCfg = Release|Any CPU
		{D811D05B-B6BC-4132-98F4-632FA16D9511}.Release|Any CPU.Build.0 = Release|Any CPU
		{99603F26-1F42-4A04-B2FE-96DFCC571E21}.Debug|Any CPU.ActiveCfg = Debug|Any CPU
		{99603F26-1F42-4A04-B2FE-96DFCC571E21}.Debug|Any CPU.Build.0 = Debug|Any CPU
		{99603F26-1F42-4A04-B2FE-96DFCC571E21}.Release|Any CPU.ActiveCfg = Release|Any CPU
		{99603F26-1F42-4A04-B2FE-96DFCC571E21}.Release|Any CPU.Build.0 = Release|Any CPU
		{0D91E307-705D-4731-B668-11E031C8EB67}.Debug|Any CPU.ActiveCfg = Debug|Any CPU
		{0D91E307-705D-4731-B668-11E031C8EB67}.Debug|Any CPU.Build.0 = Debug|Any CPU
		{0D91E307-705D-4731-B668-11E031C8EB67}.Release|Any CPU.ActiveCfg = Release|Any CPU
		{0D91E307-705D-4731-B668-11E031C8EB67}.Release|Any CPU.Build.0 = Release|Any CPU
	EndGlobalSection
	GlobalSection(SolutionProperties) = preSolution
		HideSolutionNode = FALSE
	EndGlobalSection
	GlobalSection(ExtensibilityGlobals) = postSolution
		SolutionGuid = {F6CCC8FC-19E0-427B-BA3F-2E77EC357591}
	EndGlobalSection
EndGlobal
